
Microsoft Visual Studio Solution File, Format Version 12.00
# Visual Studio 2013
VisualStudioVersion = 12.0.21005.1
MinimumVisualStudioVersion = 10.0.40219.1
Project("{FAE04EC0-301F-11D3-BF4B-00C04F79EFBC}") = "OAuth", "OAuth\OAuth.csproj", "{C5CF849A-5293-4A48-86D1-6788314290D4}"
EndProject
Project("{FAE04EC0-301F-11D3-BF4B-00C04F79EFBC}") = "OAuthTest", "OAuthTest\OAuthTest.csproj", "{5431DD2E-7D53-45CA-91D7-6D6BE2F44E53}"
EndProject
Project("{2150E333-8FDC-42A3-9474-1A3956D46DE8}") = ".nuget", ".nuget", "{6478BB71-4F9A-48FA-8825-632BE952F89B}"
	ProjectSection(SolutionItems) = preProject
		.nuget\packages.config = .nuget\packages.config
	EndProjectSection
EndProject
Global
	GlobalSection(SolutionConfigurationPlatforms) = preSolution
		Debug|Any CPU = Debug|Any CPU
		Release|Any CPU = Release|Any CPU
	EndGlobalSection
	GlobalSection(ProjectConfigurationPlatforms) = postSolution
		{C5CF849A-5293-4A48-86D1-6788314290D4}.Debug|Any CPU.ActiveCfg = Debug|Any CPU
		{C5CF849A-5293-4A48-86D1-6788314290D4}.Debug|Any CPU.Build.0 = Debug|Any CPU
		{C5CF849A-5293-4A48-86D1-6788314290D4}.Release|Any CPU.ActiveCfg = Release|Any CPU
		{C5CF849A-5293-4A48-86D1-6788314290D4}.Release|Any CPU.Build.0 = Release|Any CPU
		{5431DD2E-7D53-45CA-91D7-6D6BE2F44E53}.Debug|Any CPU.ActiveCfg = Debug|Any CPU
		{5431DD2E-7D53-45CA-91D7-6D6BE2F44E53}.Debug|Any CPU.Build.0 = Debug|Any CPU
		{5431DD2E-7D53-45CA-91D7-6D6BE2F44E53}.Release|Any CPU.ActiveCfg = Release|Any CPU
		{5431DD2E-7D53-45CA-91D7-6D6BE2F44E53}.Release|Any CPU.Build.0 = Release|Any CPU
	EndGlobalSection
	GlobalSection(SolutionProperties) = preSolution
		HideSolutionNode = FALSE
	EndGlobalSection
EndGlobal
